
Microsoft Visual Studio Solution File, Format Version 12.00
# Visual Studio Version 17
VisualStudioVersion = 17.7.34018.315
MinimumVisualStudioVersion = 10.0.40219.1
Project("{FAE04EC0-301F-11D3-BF4B-00C04F79EFBC}") = "learn-params", "learn-params\learn-params.csproj", "{29DF7E29-35D3-4054-B3F8-B60B2A399C6B}"
EndProject
Global
	GlobalSection(SolutionConfigurationPlatforms) = preSolution
		Debug|Any CPU = Debug|Any CPU
		Release|Any CPU = Release|Any CPU
	EndGlobalSection
	GlobalSection(ProjectConfigurationPlatforms) = postSolution
		{29DF7E29-35D3-4054-B3F8-B60B2A399C6B}.Debug|Any CPU.ActiveCfg = Debug|Any CPU
		{29DF7E29-35D3-4054-B3F8-B60B2A399C6B}.Debug|Any CPU.Build.0 = Debug|Any CPU
		{29DF7E29-35D3-4054-B3F8-B60B2A399C6B}.Release|Any CPU.ActiveCfg = Release|Any CPU
		{29DF7E29-35D3-4054-B3F8-B60B2A399C6B}.Release|Any CPU.Build.0 = Release|Any CPU
	EndGlobalSection
	GlobalSection(SolutionProperties) = preSolution
		HideSolutionNode = FALSE
	EndGlobalSection
	GlobalSection(ExtensibilityGlobals) = postSolution
		SolutionGuid = {3AB8FAA0-44EC-4745-9677-0C65E52EE7E8}
	EndGlobalSection
EndGlobal
