
Microsoft Visual Studio Solution File, Format Version 12.00
# Visual Studio Version 17
VisualStudioVersion = 17.7.34018.315
MinimumVisualStudioVersion = 10.0.40219.1
Project("{FAE04EC0-301F-11D3-BF4B-00C04F79EFBC}") = "Baitap15092023", "Baitap15092023\Baitap15092023.csproj", "{5539CE8E-3857-44CC-805C-02255168E259}"
EndProject
Global
	GlobalSection(SolutionConfigurationPlatforms) = preSolution
		Debug|Any CPU = Debug|Any CPU
		Release|Any CPU = Release|Any CPU
	EndGlobalSection
	GlobalSection(ProjectConfigurationPlatforms) = postSolution
		{5539CE8E-3857-44CC-805C-02255168E259}.Debug|Any CPU.ActiveCfg = Debug|Any CPU
		{5539CE8E-3857-44CC-805C-02255168E259}.Debug|Any CPU.Build.0 = Debug|Any CPU
		{5539CE8E-3857-44CC-805C-02255168E259}.Release|Any CPU.ActiveCfg = Release|Any CPU
		{5539CE8E-3857-44CC-805C-02255168E259}.Release|Any CPU.Build.0 = Release|Any CPU
	EndGlobalSection
	GlobalSection(SolutionProperties) = preSolution
		HideSolutionNode = FALSE
	EndGlobalSection
	GlobalSection(ExtensibilityGlobals) = postSolution
		SolutionGuid = {32E94DDC-5B96-4BB6-B2CD-BD2C7E9128CC}
	EndGlobalSection
EndGlobal
