
Microsoft Visual Studio Solution File, Format Version 12.00
# Visual Studio Version 17
VisualStudioVersion = 17.7.34018.315
MinimumVisualStudioVersion = 10.0.40219.1
Project("{FAE04EC0-301F-11D3-BF4B-00C04F79EFBC}") = "DBControl", "DBControl\DBControl.csproj", "{00845242-70B2-4E1E-849B-CFB000C73460}"
EndProject
Global
	GlobalSection(SolutionConfigurationPlatforms) = preSolution
		Debug|Any CPU = Debug|Any CPU
		Release|Any CPU = Release|Any CPU
	EndGlobalSection
	GlobalSection(ProjectConfigurationPlatforms) = postSolution
		{00845242-70B2-4E1E-849B-CFB000C73460}.Debug|Any CPU.ActiveCfg = Debug|Any CPU
		{00845242-70B2-4E1E-849B-CFB000C73460}.Debug|Any CPU.Build.0 = Debug|Any CPU
		{00845242-70B2-4E1E-849B-CFB000C73460}.Release|Any CPU.ActiveCfg = Release|Any CPU
		{00845242-70B2-4E1E-849B-CFB000C73460}.Release|Any CPU.Build.0 = Release|Any CPU
	EndGlobalSection
	GlobalSection(SolutionProperties) = preSolution
		HideSolutionNode = FALSE
	EndGlobalSection
	GlobalSection(ExtensibilityGlobals) = postSolution
		SolutionGuid = {61AD68FB-B669-48EA-9A60-E899D1731C7E}
	EndGlobalSection
EndGlobal
