
Microsoft Visual Studio Solution File, Format Version 12.00
# Visual Studio Version 17
VisualStudioVersion = 17.7.34031.279
MinimumVisualStudioVersion = 10.0.40219.1
Project("{FAE04EC0-301F-11D3-BF4B-00C04F79EFBC}") = "Baitap3", "Baitap3\Baitap3.csproj", "{F28438EA-6CA7-4E3F-9F63-1462BB88D4A2}"
EndProject
Global
	GlobalSection(SolutionConfigurationPlatforms) = preSolution
		Debug|Any CPU = Debug|Any CPU
		Release|Any CPU = Release|Any CPU
	EndGlobalSection
	GlobalSection(ProjectConfigurationPlatforms) = postSolution
		{F28438EA-6CA7-4E3F-9F63-1462BB88D4A2}.Debug|Any CPU.ActiveCfg = Debug|Any CPU
		{F28438EA-6CA7-4E3F-9F63-1462BB88D4A2}.Debug|Any CPU.Build.0 = Debug|Any CPU
		{F28438EA-6CA7-4E3F-9F63-1462BB88D4A2}.Release|Any CPU.ActiveCfg = Release|Any CPU
		{F28438EA-6CA7-4E3F-9F63-1462BB88D4A2}.Release|Any CPU.Build.0 = Release|Any CPU
	EndGlobalSection
	GlobalSection(SolutionProperties) = preSolution
		HideSolutionNode = FALSE
	EndGlobalSection
	GlobalSection(ExtensibilityGlobals) = postSolution
		SolutionGuid = {A370448A-A4D8-4F88-9BE1-232752EB3704}
	EndGlobalSection
EndGlobal
