
Microsoft Visual Studio Solution File, Format Version 12.00
# Visual Studio Version 17
VisualStudioVersion = 17.7.34018.315
MinimumVisualStudioVersion = 10.0.40219.1
Project("{FAE04EC0-301F-11D3-BF4B-00C04F79EFBC}") = "Baitap15092023-1", "Baitap15092023-1\Baitap15092023-1.csproj", "{673BF190-3920-4BDD-A6A5-1ED492B9B59D}"
EndProject
Global
	GlobalSection(SolutionConfigurationPlatforms) = preSolution
		Debug|Any CPU = Debug|Any CPU
		Release|Any CPU = Release|Any CPU
	EndGlobalSection
	GlobalSection(ProjectConfigurationPlatforms) = postSolution
		{673BF190-3920-4BDD-A6A5-1ED492B9B59D}.Debug|Any CPU.ActiveCfg = Debug|Any CPU
		{673BF190-3920-4BDD-A6A5-1ED492B9B59D}.Debug|Any CPU.Build.0 = Debug|Any CPU
		{673BF190-3920-4BDD-A6A5-1ED492B9B59D}.Release|Any CPU.ActiveCfg = Release|Any CPU
		{673BF190-3920-4BDD-A6A5-1ED492B9B59D}.Release|Any CPU.Build.0 = Release|Any CPU
	EndGlobalSection
	GlobalSection(SolutionProperties) = preSolution
		HideSolutionNode = FALSE
	EndGlobalSection
	GlobalSection(ExtensibilityGlobals) = postSolution
		SolutionGuid = {E3EC228F-D86C-4289-945C-9ADDFDABD515}
	EndGlobalSection
EndGlobal
